
Microsoft Visual Studio Solution File, Format Version 12.00
# Visual Studio Version 17
VisualStudioVersion = 17.5.33530.505
MinimumVisualStudioVersion = 10.0.40219.1
Project("{FAE04EC0-301F-11D3-BF4B-00C04F79EFBC}") = "NGUOI_BAN", "NGUOI_BAN.csproj", "{C311DD7E-BC4A-41B6-92C1-D6B561EECB2F}"
EndProject
Global
	GlobalSection(SolutionConfigurationPlatforms) = preSolution
		Debug|Any CPU = Debug|Any CPU
		Release|Any CPU = Release|Any CPU
	EndGlobalSection
	GlobalSection(ProjectConfigurationPlatforms) = postSolution
		{C311DD7E-BC4A-41B6-92C1-D6B561EECB2F}.Debug|Any CPU.ActiveCfg = Debug|Any CPU
		{C311DD7E-BC4A-41B6-92C1-D6B561EECB2F}.Debug|Any CPU.Build.0 = Debug|Any CPU
		{C311DD7E-BC4A-41B6-92C1-D6B561EECB2F}.Release|Any CPU.ActiveCfg = Release|Any CPU
		{C311DD7E-BC4A-41B6-92C1-D6B561EECB2F}.Release|Any CPU.Build.0 = Release|Any CPU
	EndGlobalSection
	GlobalSection(SolutionProperties) = preSolution
		HideSolutionNode = FALSE
	EndGlobalSection
	GlobalSection(ExtensibilityGlobals) = postSolution
		SolutionGuid = {D17B002A-A59F-46EA-888D-DA9CEC1DDD98}
	EndGlobalSection
EndGlobal
